// !$*UTF8*$!
{
	archiveVersion = 1;
	classes = {
	};
	objectVersion = 46;
	objects = {

/* Begin PBXBuildFile section */
		888BDC33188895EE0029EF4C /* Foundation.framework in Frameworks */ = {isa = PBXBuildFile; fileRef = 888BDC32188895EE0029EF4C /* Foundation.framework */; };
		888BDC35188895EE0029EF4C /* CoreGraphics.framework in Frameworks */ = {isa = PBXBuildFile; fileRef = 888BDC34188895EE0029EF4C /* CoreGraphics.framework */; };
		888BDC37188895EE0029EF4C /* UIKit.framework in Frameworks */ = {isa = PBXBuildFile; fileRef = 888BDC36188895EE0029EF4C /* UIKit.framework */; };
		888BDC3D188895EE0029EF4C /* InfoPlist.strings in Resources */ = {isa = PBXBuildFile; fileRef = 888BDC3B188895EE0029EF4C /* InfoPlist.strings */; };
		888BDC3F188895EE0029EF4C /* main.m in Sources */ = {isa = PBXBuildFile; fileRef = 888BDC3E188895EE0029EF4C /* main.m */; };
		888BDC43188895EE0029EF4C /* XYZAppDelegate.m in Sources */ = {isa = PBXBuildFile; fileRef = 888BDC42188895EE0029EF4C /* XYZAppDelegate.m */; };
		888BDC46188895EE0029EF4C /* Main.storyboard in Resources */ = {isa = PBXBuildFile; fileRef = 888BDC44188895EE0029EF4C /* Main.storyboard */; };
		888BDC49188895EE0029EF4C /* XYZViewController.m in Sources */ = {isa = PBXBuildFile; fileRef = 888BDC48188895EE0029EF4C /* XYZViewController.m */; };
		888BDC4B188895EE0029EF4C /* Images.xcassets in Resources */ = {isa = PBXBuildFile; fileRef = 888BDC4A188895EE0029EF4C /* Images.xcassets */; };
		888BDC52188895EE0029EF4C /* XCTest.framework in Frameworks */ = {isa = PBXBuildFile; fileRef = 888BDC51188895EE0029EF4C /* XCTest.framework */; };
		888BDC53188895EE0029EF4C /* Foundation.framework in Frameworks */ = {isa = PBXBuildFile; fileRef = 888BDC32188895EE0029EF4C /* Foundation.framework */; };
		888BDC54188895EE0029EF4C /* UIKit.framework in Frameworks */ = {isa = PBXBuildFile; fileRef = 888BDC36188895EE0029EF4C /* UIKit.framework */; };
		888BDC5C188895EE0029EF4C /* InfoPlist.strings in Resources */ = {isa = PBXBuildFile; fileRef = 888BDC5A188895EE0029EF4C /* InfoPlist.strings */; };
		888BDC5E188895EE0029EF4C /* AnimateTests.m in Sources */ = {isa = PBXBuildFile; fileRef = 888BDC5D188895EE0029EF4C /* AnimateTests.m */; };
/* End PBXBuildFile section */

/* Begin PBXContainerItemProxy section */
		888BDC55188895EE0029EF4C /* PBXContainerItemProxy */ = {
			isa = PBXContainerItemProxy;
			containerPortal = 888BDC27188895EE0029EF4C /* Project object */;
			proxyType = 1;
			remoteGlobalIDString = 888BDC2E188895EE0029EF4C;
			remoteInfo = Animate;
		};
/* End PBXContainerItemProxy section */

/* Begin PBXFileReference section */
		888BDC2F188895EE0029EF4C /* Animate.app */ = {isa = PBXFileReference; explicitFileType = wrapper.application; includeInIndex = 0; path = Animate.app; sourceTree = BUILT_PRODUCTS_DIR; };
		888BDC32188895EE0029EF4C /* Foundation.framework */ = {isa = PBXFileReference; lastKnownFileType = wrapper.framework; name = Foundation.framework; path = System/Library/Frameworks/Foundation.framework; sourceTree = SDKROOT; };
		888BDC34188895EE0029EF4C /* CoreGraphics.framework */ = {isa = PBXFileReference; lastKnownFileType = wrapper.framework; name = CoreGraphics.framework; path = System/Library/Frameworks/CoreGraphics.framework; sourceTree = SDKROOT; };
		888BDC36188895EE0029EF4C /* UIKit.framework */ = {isa = PBXFileReference; lastKnownFileType = wrapper.framework; name = UIKit.framework; path = System/Library/Frameworks/UIKit.framework; sourceTree = SDKROOT; };
		888BDC3A188895EE0029EF4C /* Animate-Info.plist */ = {isa = PBXFileReference; lastKnownFileType = text.plist.xml; path = "Animate-Info.plist"; sourceTree = "<group>"; };
		888BDC3C188895EE0029EF4C /* en */ = {isa = PBXFileReference; lastKnownFileType = text.plist.strings; name = en; path = en.lproj/InfoPlist.strings; sourceTree = "<group>"; };
		888BDC3E188895EE0029EF4C /* main.m */ = {isa = PBXFileReference; lastKnownFileType = sourcecode.c.objc; path = main.m; sourceTree = "<group>"; };
		888BDC40188895EE0029EF4C /* Animate-Prefix.pch */ = {isa = PBXFileReference; lastKnownFileType = sourcecode.c.h; path = "Animate-Prefix.pch"; sourceTree = "<group>"; };
		888BDC41188895EE0029EF4C /* XYZAppDelegate.h */ = {isa = PBXFileReference; lastKnownFileType = sourcecode.c.h; path = XYZAppDelegate.h; sourceTree = "<group>"; };
		888BDC42188895EE0029EF4C /* XYZAppDelegate.m */ = {isa = PBXFileReference; lastKnownFileType = sourcecode.c.objc; path = XYZAppDelegate.m; sourceTree = "<group>"; };
		888BDC45188895EE0029EF4C /* Base */ = {isa = PBXFileReference; lastKnownFileType = file.storyboard; name = Base; path = Base.lproj/Main.storyboard; sourceTree = "<group>"; };
		888BDC47188895EE0029EF4C /* XYZViewController.h */ = {isa = PBXFileReference; lastKnownFileType = sourcecode.c.h; path = XYZViewController.h; sourceTree = "<group>"; };
		888BDC48188895EE0029EF4C /* XYZViewController.m */ = {isa = PBXFileReference; lastKnownFileType = sourcecode.c.objc; path = XYZViewController.m; sourceTree = "<group>"; };
		888BDC4A188895EE0029EF4C /* Images.xcassets */ = {isa = PBXFileReference; lastKnownFileType = folder.assetcatalog; path = Images.xcassets; sourceTree = "<group>"; };
		888BDC50188895EE0029EF4C /* AnimateTests.xctest */ = {isa = PBXFileReference; explicitFileType = wrapper.cfbundle; includeInIndex = 0; path = AnimateTests.xctest; sourceTree = BUILT_PRODUCTS_DIR; };
		888BDC51188895EE0029EF4C /* XCTest.framework */ = {isa = PBXFileReference; lastKnownFileType = wrapper.framework; name = XCTest.framework; path = Library/Frameworks/XCTest.framework; sourceTree = DEVELOPER_DIR; };
		888BDC59188895EE0029EF4C /* AnimateTests-Info.plist */ = {isa = PBXFileReference; lastKnownFileType = text.plist.xml; path = "AnimateTests-Info.plist"; sourceTree = "<group>"; };
		888BDC5B188895EE0029EF4C /* en */ = {isa = PBXFileReference; lastKnownFileType = text.plist.strings; name = en; path = en.lproj/InfoPlist.strings; sourceTree = "<group>"; };
		888BDC5D188895EE0029EF4C /* AnimateTests.m */ = {isa = PBXFileReference; lastKnownFileType = sourcecode.c.objc; path = AnimateTests.m; sourceTree = "<group>"; };
/* End PBXFileReference section */

/* Begin PBXFrameworksBuildPhase section */
		888BDC2C188895EE0029EF4C /* Frameworks */ = {
			isa = PBXFrameworksBuildPhase;
			buildActionMask = 2147483647;
			files = (
				888BDC35188895EE0029EF4C /* CoreGraphics.framework in Frameworks */,
				888BDC37188895EE0029EF4C /* UIKit.framework in Frameworks */,
				888BDC33188895EE0029EF4C /* Foundation.framework in Frameworks */,
			);
			runOnlyForDeploymentPostprocessing = 0;
		};
		888BDC4D188895EE0029EF4C /* Frameworks */ = {
			isa = PBXFrameworksBuildPhase;
			buildActionMask = 2147483647;
			files = (
				888BDC52188895EE0029EF4C /* XCTest.framework in Frameworks */,
				888BDC54188895EE0029EF4C /* UIKit.framework in Frameworks */,
				888BDC53188895EE0029EF4C /* Foundation.framework in Frameworks */,
			);
			runOnlyForDeploymentPostprocessing = 0;
		};
/* End PBXFrameworksBuildPhase section */

/* Begin PBXGroup section */
		888BDC26188895EE0029EF4C = {
			isa = PBXGroup;
			children = (
				888BDC38188895EE0029EF4C /* Animate */,
				888BDC57188895EE0029EF4C /* AnimateTests */,
				888BDC31188895EE0029EF4C /* Frameworks */,
				888BDC30188895EE0029EF4C /* Products */,
			);
			sourceTree = "<group>";
		};
		888BDC30188895EE0029EF4C /* Products */ = {
			isa = PBXGroup;
			children = (
				888BDC2F188895EE0029EF4C /* Animate.app */,
				888BDC50188895EE0029EF4C /* AnimateTests.xctest */,
			);
			name = Products;
			sourceTree = "<group>";
		};
		888BDC31188895EE0029EF4C /* Frameworks */ = {
			isa = PBXGroup;
			children = (
				888BDC32188895EE0029EF4C /* Foundation.framework */,
				888BDC34188895EE0029EF4C /* CoreGraphics.framework */,
				888BDC36188895EE0029EF4C /* UIKit.framework */,
				888BDC51188895EE0029EF4C /* XCTest.framework */,
			);
			name = Frameworks;
			sourceTree = "<group>";
		};
		888BDC38188895EE0029EF4C /* Animate */ = {
			isa = PBXGroup;
			children = (
				888BDC41188895EE0029EF4C /* XYZAppDelegate.h */,
				888BDC42188895EE0029EF4C /* XYZAppDelegate.m */,
				888BDC44188895EE0029EF4C /* Main.storyboard */,
				888BDC47188895EE0029EF4C /* XYZViewController.h */,
				888BDC48188895EE0029EF4C /* XYZViewController.m */,
				888BDC4A188895EE0029EF4C /* Images.xcassets */,
				888BDC39188895EE0029EF4C /* Supporting Files */,
			);
			path = Animate;
			sourceTree = "<group>";
		};
		888BDC39188895EE0029EF4C /* Supporting Files */ = {
			isa = PBXGroup;
			children = (
				888BDC3A188895EE0029EF4C /* Animate-Info.plist */,
				888BDC3B188895EE0029EF4C /* InfoPlist.strings */,
				888BDC3E188895EE0029EF4C /* main.m */,
				888BDC40188895EE0029EF4C /* Animate-Prefix.pch */,
			);
			name = "Supporting Files";
			sourceTree = "<group>";
		};
		888BDC57188895EE0029EF4C /* AnimateTests */ = {
			isa = PBXGroup;
			children = (
				888BDC5D188895EE0029EF4C /* AnimateTests.m */,
				888BDC58188895EE0029EF4C /* Supporting Files */,
			);
			path = AnimateTests;
			sourceTree = "<group>";
		};
		888BDC58188895EE0029EF4C /* Supporting Files */ = {
			isa = PBXGroup;
			children = (
				888BDC59188895EE0029EF4C /* AnimateTests-Info.plist */,
				888BDC5A188895EE0029EF4C /* InfoPlist.strings */,
			);
			name = "Supporting Files";
			sourceTree = "<group>";
		};
/* End PBXGroup section */

/* Begin PBXNativeTarget section */
		888BDC2E188895EE0029EF4C /* Animate */ = {
			isa = PBXNativeTarget;
			buildConfigurationList = 888BDC61188895EE0029EF4C /* Build configuration list for PBXNativeTarget "Animate" */;
			buildPhases = (
				888BDC2B188895EE0029EF4C /* Sources */,
				888BDC2C188895EE0029EF4C /* Frameworks */,
				888BDC2D188895EE0029EF4C /* Resources */,
			);
			buildRules = (
			);
			dependencies = (
			);
			name = Animate;
			productName = Animate;
			productReference = 888BDC2F188895EE0029EF4C /* Animate.app */;
			productType = "com.apple.product-type.application";
		};
		888BDC4F188895EE0029EF4C /* AnimateTests */ = {
			isa = PBXNativeTarget;
			buildConfigurationList = 888BDC64188895EE0029EF4C /* Build configuration list for PBXNativeTarget "AnimateTests" */;
			buildPhases = (
				888BDC4C188895EE0029EF4C /* Sources */,
				888BDC4D188895EE0029EF4C /* Frameworks */,
				888BDC4E188895EE0029EF4C /* Resources */,
			);
			buildRules = (
			);
			dependencies = (
				888BDC56188895EE0029EF4C /* PBXTargetDependency */,
			);
			name = AnimateTests;
			productName = AnimateTests;
			productReference = 888BDC50188895EE0029EF4C /* AnimateTests.xctest */;
			productType = "com.apple.product-type.bundle.unit-test";
		};
/* End PBXNativeTarget section */

/* Begin PBXProject section */
		888BDC27188895EE0029EF4C /* Project object */ = {
			isa = PBXProject;
			attributes = {
				CLASSPREFIX = XYZ;
				LastUpgradeCheck = 0500;
				ORGANIZATIONNAME = "Joe Selvik";
				TargetAttributes = {
					888BDC4F188895EE0029EF4C = {
						TestTargetID = 888BDC2E188895EE0029EF4C;
					};
				};
			};
			buildConfigurationList = 888BDC2A188895EE0029EF4C /* Build configuration list for PBXProject "Animate" */;
			compatibilityVersion = "Xcode 3.2";
			developmentRegion = English;
			hasScannedForEncodings = 0;
			knownRegions = (
				en,
				Base,
			);
			mainGroup = 888BDC26188895EE0029EF4C;
			productRefGroup = 888BDC30188895EE0029EF4C /* Products */;
			projectDirPath = "";
			projectRoot = "";
			targets = (
				888BDC2E188895EE0029EF4C /* Animate */,
				888BDC4F188895EE0029EF4C /* AnimateTests */,
			);
		};
/* End PBXProject section */

/* Begin PBXResourcesBuildPhase section */
		888BDC2D188895EE0029EF4C /* Resources */ = {
			isa = PBXResourcesBuildPhase;
			buildActionMask = 2147483647;
			files = (
				888BDC4B188895EE0029EF4C /* Images.xcassets in Resources */,
				888BDC3D188895EE0029EF4C /* InfoPlist.strings in Resources */,
				888BDC46188895EE0029EF4C /* Main.storyboard in Resources */,
			);
			runOnlyForDeploymentPostprocessing = 0;
		};
		888BDC4E188895EE0029EF4C /* Resources */ = {
			isa = PBXResourcesBuildPhase;
			buildActionMask = 2147483647;
			files = (
				888BDC5C188895EE0029EF4C /* InfoPlist.strings in Resources */,
			);
			runOnlyForDeploymentPostprocessing = 0;
		};
/* End PBXResourcesBuildPhase section */

/* Begin PBXSourcesBuildPhase section */
		888BDC2B188895EE0029EF4C /* Sources */ = {
			isa = PBXSourcesBuildPhase;
			buildActionMask = 2147483647;
			files = (
				888BDC49188895EE0029EF4C /* XYZViewController.m in Sources */,
				888BDC43188895EE0029EF4C /* XYZAppDelegate.m in Sources */,
				888BDC3F188895EE0029EF4C /* main.m in Sources */,
			);
			runOnlyForDeploymentPostprocessing = 0;
		};
		888BDC4C188895EE0029EF4C /* Sources */ = {
			isa = PBXSourcesBuildPhase;
			buildActionMask = 2147483647;
			files = (
				888BDC5E188895EE0029EF4C /* AnimateTests.m in Sources */,
			);
			runOnlyForDeploymentPostprocessing = 0;
		};
/* End PBXSourcesBuildPhase section */

/* Begin PBXTargetDependency section */
		888BDC56188895EE0029EF4C /* PBXTargetDependency */ = {
			isa = PBXTargetDependency;
			target = 888BDC2E188895EE0029EF4C /* Animate */;
			targetProxy = 888BDC55188895EE0029EF4C /* PBXContainerItemProxy */;
		};
/* End PBXTargetDependency section */

/* Begin PBXVariantGroup section */
		888BDC3B188895EE0029EF4C /* InfoPlist.strings */ = {
			isa = PBXVariantGroup;
			children = (
				888BDC3C188895EE0029EF4C /* en */,
			);
			name = InfoPlist.strings;
			sourceTree = "<group>";
		};
		888BDC44188895EE0029EF4C /* Main.storyboard */ = {
			isa = PBXVariantGroup;
			children = (
				888BDC45188895EE0029EF4C /* Base */,
			);
			name = Main.storyboard;
			sourceTree = "<group>";
		};
		888BDC5A188895EE0029EF4C /* InfoPlist.strings */ = {
			isa = PBXVariantGroup;
			children = (
				888BDC5B188895EE0029EF4C /* en */,
			);
			name = InfoPlist.strings;
			sourceTree = "<group>";
		};
/* End PBXVariantGroup section */

/* Begin XCBuildConfiguration section */
		888BDC5F188895EE0029EF4C /* Debug */ = {
			isa = XCBuildConfiguration;
			buildSettings = {
				ALWAYS_SEARCH_USER_PATHS = NO;
				ARCHS = "$(ARCHS_STANDARD_INCLUDING_64_BIT)";
				CLANG_CXX_LANGUAGE_STANDARD = "gnu++0x";
				CLANG_CXX_LIBRARY = "libc++";
				CLANG_ENABLE_MODULES = YES;
				CLANG_ENABLE_OBJC_ARC = YES;
				CLANG_WARN_BOOL_CONVERSION = YES;
				CLANG_WARN_CONSTANT_CONVERSION = YES;
				CLANG_WARN_DIRECT_OBJC_ISA_USAGE = YES_ERROR;
				CLANG_WARN_EMPTY_BODY = YES;
				CLANG_WARN_ENUM_CONVERSION = YES;
				CLANG_WARN_INT_CONVERSION = YES;
				CLANG_WARN_OBJC_ROOT_CLASS = YES_ERROR;
				CLANG_WARN__DUPLICATE_METHOD_MATCH = YES;
				"CODE_SIGN_IDENTITY[sdk=iphoneos*]" = "iPhone Developer";
				COPY_PHASE_STRIP = NO;
				GCC_C_LANGUAGE_STANDARD = gnu99;
				GCC_DYNAMIC_NO_PIC = NO;
				GCC_OPTIMIZATION_LEVEL = 0;
				GCC_PREPROCESSOR_DEFINITIONS = (
					"DEBUG=1",
					"$(inherited)",
				);
				GCC_SYMBOLS_PRIVATE_EXTERN = NO;
				GCC_WARN_64_TO_32_BIT_CONVERSION = YES;
				GCC_WARN_ABOUT_RETURN_TYPE = YES_ERROR;
				GCC_WARN_UNDECLARED_SELECTOR = YES;
				GCC_WARN_UNINITIALIZED_AUTOS = YES;
				GCC_WARN_UNUSED_FUNCTION = YES;
				GCC_WARN_UNUSED_VARIABLE = YES;
				IPHONEOS_DEPLOYMENT_TARGET = 7.0;
				ONLY_ACTIVE_ARCH = YES;
				SDKROOT = iphoneos;
			};
			name = Debug;
		};
		888BDC60188895EE0029EF4C /* Release */ = {
			isa = XCBuildConfiguration;
			buildSettings = {
				ALWAYS_SEARCH_USER_PATHS = NO;
				ARCHS = "$(ARCHS_STANDARD_INCLUDING_64_BIT)";
				CLANG_CXX_LANGUAGE_STANDARD = "gnu++0x";
				CLANG_CXX_LIBRARY = "libc++";
				CLANG_ENABLE_MODULES = YES;
				CLANG_ENABLE_OBJC_ARC = YES;
				CLANG_WARN_BOOL_CONVERSION = YES;
				CLANG_WARN_CONSTANT_CONVERSION = YES;
				CLANG_WARN_DIRECT_OBJC_ISA_USAGE = YES_ERROR;
				CLANG_WARN_EMPTY_BODY = YES;
				CLANG_WARN_ENUM_CONVERSION = YES;
				CLANG_WARN_INT_CONVERSION = YES;
				CLANG_WARN_OBJC_ROOT_CLASS = YES_ERROR;
				CLANG_WARN__DUPLICATE_METHOD_MATCH = YES;
				"CODE_SIGN_IDENTITY[sdk=iphoneos*]" = "iPhone Developer";
				COPY_PHASE_STRIP = YES;
				ENABLE_NS_ASSERTIONS = NO;
				GCC_C_LANGUAGE_STANDARD = gnu99;
				GCC_WARN_64_TO_32_BIT_CONVERSION = YES;
				GCC_WARN_ABOUT_RETURN_TYPE = YES_ERROR;
				GCC_WARN_UNDECLARED_SELECTOR = YES;
				GCC_WARN_UNINITIALIZED_AUTOS = YES;
				GCC_WARN_UNUSED_FUNCTION = YES;
				GCC_WARN_UNUSED_VARIABLE = YES;
				IPHONEOS_DEPLOYMENT_TARGET = 7.0;
				SDKROOT = iphoneos;
				VALIDATE_PRODUCT = YES;
			};
			name = Release;
		};
		888BDC62188895EE0029EF4C /* Debug */ = {
			isa = XCBuildConfiguration;
			buildSettings = {
				ASSETCATALOG_COMPILER_APPICON_NAME = AppIcon;
				ASSETCATALOG_COMPILER_LAUNCHIMAGE_NAME = LaunchImage;
				GCC_PRECOMPILE_PREFIX_HEADER = YES;
				GCC_PREFIX_HEADER = "Animate/Animate-Prefix.pch";
				INFOPLIST_FILE = "Animate/Animate-Info.plist";
				PRODUCT_NAME = "$(TARGET_NAME)";
				WRAPPER_EXTENSION = app;
			};
			name = Debug;
		};
		888BDC63188895EE0029EF4C /* Release */ = {
			isa = XCBuildConfiguration;
			buildSettings = {
				ASSETCATALOG_COMPILER_APPICON_NAME = AppIcon;
				ASSETCATALOG_COMPILER_LAUNCHIMAGE_NAME = LaunchImage;
				GCC_PRECOMPILE_PREFIX_HEADER = YES;
				GCC_PREFIX_HEADER = "Animate/Animate-Prefix.pch";
				INFOPLIST_FILE = "Animate/Animate-Info.plist";
				PRODUCT_NAME = "$(TARGET_NAME)";
				WRAPPER_EXTENSION = app;
			};
			name = Release;
		};
		888BDC65188895EE0029EF4C /* Debug */ = {
			isa = XCBuildConfiguration;
			buildSettings = {
				ARCHS = "$(ARCHS_STANDARD_INCLUDING_64_BIT)";
				BUNDLE_LOADER = "$(BUILT_PRODUCTS_DIR)/Animate.app/Animate";
				FRAMEWORK_SEARCH_PATHS = (
					"$(SDKROOT)/Developer/Library/Frameworks",
					"$(inherited)",
					"$(DEVELOPER_FRAMEWORKS_DIR)",
				);
				GCC_PRECOMPILE_PREFIX_HEADER = YES;
				GCC_PREFIX_HEADER = "Animate/Animate-Prefix.pch";
				GCC_PREPROCESSOR_DEFINITIONS = (
					"DEBUG=1",
					"$(inherited)",
				);
				INFOPLIST_FILE = "AnimateTests/AnimateTests-Info.plist";
				PRODUCT_NAME = "$(TARGET_NAME)";
				TEST_HOST = "$(BUNDLE_LOADER)";
				WRAPPER_EXTENSION = xctest;
			};
			name = Debug;
		};
		888BDC66188895EE0029EF4C /* Release */ = {
			isa = XCBuildConfiguration;
			buildSettings = {
				ARCHS = "$(ARCHS_STANDARD_INCLUDING_64_BIT)";
				BUNDLE_LOADER = "$(BUILT_PRODUCTS_DIR)/Animate.app/Animate";
				FRAMEWORK_SEARCH_PATHS = (
					"$(SDKROOT)/Developer/Library/Frameworks",
					"$(inherited)",
					"$(DEVELOPER_FRAMEWORKS_DIR)",
				);
				GCC_PRECOMPILE_PREFIX_HEADER = YES;
				GCC_PREFIX_HEADER = "Animate/Animate-Prefix.pch";
				INFOPLIST_FILE = "AnimateTests/AnimateTests-Info.plist";
				PRODUCT_NAME = "$(TARGET_NAME)";
				TEST_HOST = "$(BUNDLE_LOADER)";
				WRAPPER_EXTENSION = xctest;
			};
			name = Release;
		};
/* End XCBuildConfiguration section */

/* Begin XCConfigurationList section */
		888BDC2A188895EE0029EF4C /* Build configuration list for PBXProject "Animate" */ = {
			isa = XCConfigurationList;
			buildConfigurations = (
				888BDC5F188895EE0029EF4C /* Debug */,
				888BDC60188895EE0029EF4C /* Release */,
			);
			defaultConfigurationIsVisible = 0;
			defaultConfigurationName = Release;
		};
		888BDC61188895EE0029EF4C /* Build configuration list for PBXNativeTarget "Animate" */ = {
			isa = XCConfigurationList;
			buildConfigurations = (
				888BDC62188895EE0029EF4C /* Debug */,
				888BDC63188895EE0029EF4C /* Release */,
			);
			defaultConfigurationIsVisible = 0;
		};
		888BDC64188895EE0029EF4C /* Build configuration list for PBXNativeTarget "AnimateTests" */ = {
			isa = XCConfigurationList;
			buildConfigurations = (
				888BDC65188895EE0029EF4C /* Debug */,
				888BDC66188895EE0029EF4C /* Release */,
			);
			defaultConfigurationIsVisible = 0;
		};
/* End XCConfigurationList section */
	};
	rootObject = 888BDC27188895EE0029EF4C /* Project object */;
}
